// !$*UTF8*$!
{
	archiveVersion = 1;
	classes = {
	};
	objectVersion = 46;
	objects = {

/* Begin PBXBuildFile section */
		9780F6FE1F47E48700675CF4 /* deuce.m4a in Resources */ = {isa = PBXBuildFile; fileRef = 9780F6F81F47E48700675CF4 /* deuce.m4a */; };
		9780F6FF1F47E48700675CF4 /* lose.m4a in Resources */ = {isa = PBXBuildFile; fileRef = 9780F6F91F47E48700675CF4 /* lose.m4a */; };
		9780F7001F47E48700675CF4 /* paper.m4a in Resources */ = {isa = PBXBuildFile; fileRef = 9780F6FA1F47E48700675CF4 /* paper.m4a */; };
		9780F7011F47E48700675CF4 /* rock.m4a in Resources */ = {isa = PBXBuildFile; fileRef = 9780F6FB1F47E48700675CF4 /* rock.m4a */; };
		9780F7021F47E48700675CF4 /* scissors.m4a in Resources */ = {isa = PBXBuildFile; fileRef = 9780F6FC1F47E48700675CF4 /* scissors.m4a */; };
		9780F7031F47E48700675CF4 /* win.m4a in Resources */ = {isa = PBXBuildFile; fileRef = 9780F6FD1F47E48700675CF4 /* win.m4a */; };
		97ACB1B41F47300A001943B1 /* AppDelegate.swift in Sources */ = {isa = PBXBuildFile; fileRef = 97ACB1B31F47300A001943B1 /* AppDelegate.swift */; };
		97ACB1B61F47300A001943B1 /* ViewController.swift in Sources */ = {isa = PBXBuildFile; fileRef = 97ACB1B51F47300A001943B1 /* ViewController.swift */; };
		97ACB1B91F47300A001943B1 /* Main.storyboard in Resources */ = {isa = PBXBuildFile; fileRef = 97ACB1B71F47300A001943B1 /* Main.storyboard */; };
		97ACB1BB1F47300B001943B1 /* Assets.xcassets in Resources */ = {isa = PBXBuildFile; fileRef = 97ACB1BA1F47300A001943B1 /* Assets.xcassets */; };
		97ACB1BE1F47300B001943B1 /* LaunchScreen.storyboard in Resources */ = {isa = PBXBuildFile; fileRef = 97ACB1BC1F47300B001943B1 /* LaunchScreen.storyboard */; };
/* End PBXBuildFile section */

/* Begin PBXFileReference section */
		9780F6F81F47E48700675CF4 /* deuce.m4a */ = {isa = PBXFileReference; lastKnownFileType = file; path = deuce.m4a; sourceTree = "<group>"; };
		9780F6F91F47E48700675CF4 /* lose.m4a */ = {isa = PBXFileReference; lastKnownFileType = file; path = lose.m4a; sourceTree = "<group>"; };
		9780F6FA1F47E48700675CF4 /* paper.m4a */ = {isa = PBXFileReference; lastKnownFileType = file; path = paper.m4a; sourceTree = "<group>"; };
		9780F6FB1F47E48700675CF4 /* rock.m4a */ = {isa = PBXFileReference; lastKnownFileType = file; path = rock.m4a; sourceTree = "<group>"; };
		9780F6FC1F47E48700675CF4 /* scissors.m4a */ = {isa = PBXFileReference; lastKnownFileType = file; path = scissors.m4a; sourceTree = "<group>"; };
		9780F6FD1F47E48700675CF4 /* win.m4a */ = {isa = PBXFileReference; lastKnownFileType = file; path = win.m4a; sourceTree = "<group>"; };
		97ACB1B01F47300A001943B1 /* ALRockPaperScissors.app */ = {isa = PBXFileReference; explicitFileType = wrapper.application; includeInIndex = 0; path = ALRockPaperScissors.app; sourceTree = BUILT_PRODUCTS_DIR; };
		97ACB1B31F47300A001943B1 /* AppDelegate.swift */ = {isa = PBXFileReference; lastKnownFileType = sourcecode.swift; path = AppDelegate.swift; sourceTree = "<group>"; };
		97ACB1B51F47300A001943B1 /* ViewController.swift */ = {isa = PBXFileReference; lastKnownFileType = sourcecode.swift; path = ViewController.swift; sourceTree = "<group>"; };
		97ACB1B81F47300A001943B1 /* Base */ = {isa = PBXFileReference; lastKnownFileType = file.storyboard; name = Base; path = Base.lproj/Main.storyboard; sourceTree = "<group>"; };
		97ACB1BA1F47300A001943B1 /* Assets.xcassets */ = {isa = PBXFileReference; lastKnownFileType = folder.assetcatalog; path = Assets.xcassets; sourceTree = "<group>"; };
		97ACB1BD1F47300B001943B1 /* Base */ = {isa = PBXFileReference; lastKnownFileType = file.storyboard; name = Base; path = Base.lproj/LaunchScreen.storyboard; sourceTree = "<group>"; };
		97ACB1BF1F47300B001943B1 /* Info.plist */ = {isa = PBXFileReference; lastKnownFileType = text.plist.xml; path = Info.plist; sourceTree = "<group>"; };
/* End PBXFileReference section */

/* Begin PBXFrameworksBuildPhase section */
		97ACB1AD1F47300A001943B1 /* Frameworks */ = {
			isa = PBXFrameworksBuildPhase;
			buildActionMask = 2147483647;
			files = (
			);
			runOnlyForDeploymentPostprocessing = 0;
		};
/* End PBXFrameworksBuildPhase section */

/* Begin PBXGroup section */
		9780F6F71F47E48700675CF4 /* Sounds */ = {
			isa = PBXGroup;
			children = (
				9780F6F81F47E48700675CF4 /* deuce.m4a */,
				9780F6F91F47E48700675CF4 /* lose.m4a */,
				9780F6FA1F47E48700675CF4 /* paper.m4a */,
				9780F6FB1F47E48700675CF4 /* rock.m4a */,
				9780F6FC1F47E48700675CF4 /* scissors.m4a */,
				9780F6FD1F47E48700675CF4 /* win.m4a */,
			);
			path = Sounds;
			sourceTree = "<group>";
		};
		97ACB1A71F47300A001943B1 = {
			isa = PBXGroup;
			children = (
				97ACB1B21F47300A001943B1 /* ALRockPaperScissors */,
				97ACB1B11F47300A001943B1 /* Products */,
			);
			sourceTree = "<group>";
		};
		97ACB1B11F47300A001943B1 /* Products */ = {
			isa = PBXGroup;
			children = (
				97ACB1B01F47300A001943B1 /* ALRockPaperScissors.app */,
			);
			name = Products;
			sourceTree = "<group>";
		};
		97ACB1B21F47300A001943B1 /* ALRockPaperScissors */ = {
			isa = PBXGroup;
			children = (
				97ACB1B31F47300A001943B1 /* AppDelegate.swift */,
				97ACB1B51F47300A001943B1 /* ViewController.swift */,
				97ACB1B71F47300A001943B1 /* Main.storyboard */,
				97ACB1BA1F47300A001943B1 /* Assets.xcassets */,
				97ACB1BC1F47300B001943B1 /* LaunchScreen.storyboard */,
				97ACB1BF1F47300B001943B1 /* Info.plist */,
				9780F6F71F47E48700675CF4 /* Sounds */,
			);
			path = ALRockPaperScissors;
			sourceTree = "<group>";
		};
/* End PBXGroup section */

/* Begin PBXNativeTarget section */
		97ACB1AF1F47300A001943B1 /* ALRockPaperScissors */ = {
			isa = PBXNativeTarget;
			buildConfigurationList = 97ACB1C21F47300B001943B1 /* Build configuration list for PBXNativeTarget "ALRockPaperScissors" */;
			buildPhases = (
				97ACB1AC1F47300A001943B1 /* Sources */,
				97ACB1AD1F47300A001943B1 /* Frameworks */,
				97ACB1AE1F47300A001943B1 /* Resources */,
			);
			buildRules = (
			);
			dependencies = (
			);
			name = ALRockPaperScissors;
			productName = ALRockPaperScissors;
			productReference = 97ACB1B01F47300A001943B1 /* ALRockPaperScissors.app */;
			productType = "com.apple.product-type.application";
		};
/* End PBXNativeTarget section */

/* Begin PBXProject section */
		97ACB1A81F47300A001943B1 /* Project object */ = {
			isa = PBXProject;
			attributes = {
				LastSwiftUpdateCheck = 0830;
				LastUpgradeCheck = 0830;
				ORGANIZATIONNAME = ALLENMAC;
				TargetAttributes = {
					97ACB1AF1F47300A001943B1 = {
						CreatedOnToolsVersion = 8.3.3;
						DevelopmentTeam = 5W59C9VU6S;
						ProvisioningStyle = Automatic;
					};
				};
			};
			buildConfigurationList = 97ACB1AB1F47300A001943B1 /* Build configuration list for PBXProject "ALRockPaperScissors" */;
			compatibilityVersion = "Xcode 3.2";
			developmentRegion = English;
			hasScannedForEncodings = 0;
			knownRegions = (
				en,
				Base,
			);
			mainGroup = 97ACB1A71F47300A001943B1;
			productRefGroup = 97ACB1B11F47300A001943B1 /* Products */;
			projectDirPath = "";
			projectRoot = "";
			targets = (
				97ACB1AF1F47300A001943B1 /* ALRockPaperScissors */,
			);
		};
/* End PBXProject section */

/* Begin PBXResourcesBuildPhase section */
		97ACB1AE1F47300A001943B1 /* Resources */ = {
			isa = PBXResourcesBuildPhase;
			buildActionMask = 2147483647;
			files = (
				97ACB1BE1F47300B001943B1 /* LaunchScreen.storyboard in Resources */,
				97ACB1BB1F47300B001943B1 /* Assets.xcassets in Resources */,
				97ACB1B91F47300A001943B1 /* Main.storyboard in Resources */,
				9780F7031F47E48700675CF4 /* win.m4a in Resources */,
				9780F7011F47E48700675CF4 /* rock.m4a in Resources */,
				9780F6FF1F47E48700675CF4 /* lose.m4a in Resources */,
				9780F7021F47E48700675CF4 /* scissors.m4a in Resources */,
				9780F6FE1F47E48700675CF4 /* deuce.m4a in Resources */,
				9780F7001F47E48700675CF4 /* paper.m4a in Resources */,
			);
			runOnlyForDeploymentPostprocessing = 0;
		};
/* End PBXResourcesBuildPhase section */

/* Begin PBXSourcesBuildPhase section */
		97ACB1AC1F47300A001943B1 /* Sources */ = {
			isa = PBXSourcesBuildPhase;
			buildActionMask = 2147483647;
			files = (
				97ACB1B61F47300A001943B1 /* ViewController.swift in Sources */,
				97ACB1B41F47300A001943B1 /* AppDelegate.swift in Sources */,
			);
			runOnlyForDeploymentPostprocessing = 0;
		};
/* End PBXSourcesBuildPhase section */

/* Begin PBXVariantGroup section */
		97ACB1B71F47300A001943B1 /* Main.storyboard */ = {
			isa = PBXVariantGroup;
			children = (
				97ACB1B81F47300A001943B1 /* Base */,
			);
			name = Main.storyboard;
			sourceTree = "<group>";
		};
		97ACB1BC1F47300B001943B1 /* LaunchScreen.storyboard */ = {
			isa = PBXVariantGroup;
			children = (
				97ACB1BD1F47300B001943B1 /* Base */,
			);
			name = LaunchScreen.storyboard;
			sourceTree = "<group>";
		};
/* End PBXVariantGroup section */

/* Begin XCBuildConfiguration section */
		97ACB1C01F47300B001943B1 /* Debug */ = {
			isa = XCBuildConfiguration;
			buildSettings = {
				ALWAYS_SEARCH_USER_PATHS = NO;
				CLANG_ANALYZER_NONNULL = YES;
				CLANG_ANALYZER_NUMBER_OBJECT_CONVERSION = YES_AGGRESSIVE;
				CLANG_CXX_LANGUAGE_STANDARD = "gnu++0x";
				CLANG_CXX_LIBRARY = "libc++";
				CLANG_ENABLE_MODULES = YES;
				CLANG_ENABLE_OBJC_ARC = YES;
				CLANG_WARN_BOOL_CONVERSION = YES;
				CLANG_WARN_CONSTANT_CONVERSION = YES;
				CLANG_WARN_DIRECT_OBJC_ISA_USAGE = YES_ERROR;
				CLANG_WARN_DOCUMENTATION_COMMENTS = YES;
				CLANG_WARN_EMPTY_BODY = YES;
				CLANG_WARN_ENUM_CONVERSION = YES;
				CLANG_WARN_INFINITE_RECURSION = YES;
				CLANG_WARN_INT_CONVERSION = YES;
				CLANG_WARN_OBJC_ROOT_CLASS = YES_ERROR;
				CLANG_WARN_SUSPICIOUS_MOVE = YES;
				CLANG_WARN_UNREACHABLE_CODE = YES;
				CLANG_WARN__DUPLICATE_METHOD_MATCH = YES;
				"CODE_SIGN_IDENTITY[sdk=iphoneos*]" = "iPhone Developer";
				COPY_PHASE_STRIP = NO;
				DEBUG_INFORMATION_FORMAT = dwarf;
				ENABLE_STRICT_OBJC_MSGSEND = YES;
				ENABLE_TESTABILITY = YES;
				GCC_C_LANGUAGE_STANDARD = gnu99;
				GCC_DYNAMIC_NO_PIC = NO;
				GCC_NO_COMMON_BLOCKS = YES;
				GCC_OPTIMIZATION_LEVEL = 0;
				GCC_PREPROCESSOR_DEFINITIONS = (
					"DEBUG=1",
					"$(inherited)",
				);
				GCC_WARN_64_TO_32_BIT_CONVERSION = YES;
				GCC_WARN_ABOUT_RETURN_TYPE = YES_ERROR;
				GCC_WARN_UNDECLARED_SELECTOR = YES;
				GCC_WARN_UNINITIALIZED_AUTOS = YES_AGGRESSIVE;
				GCC_WARN_UNUSED_FUNCTION = YES;
				GCC_WARN_UNUSED_VARIABLE = YES;
				IPHONEOS_DEPLOYMENT_TARGET = 10.3;
				MTL_ENABLE_DEBUG_INFO = YES;
				ONLY_ACTIVE_ARCH = YES;
				SDKROOT = iphoneos;
				SWIFT_ACTIVE_COMPILATION_CONDITIONS = DEBUG;
				SWIFT_OPTIMIZATION_LEVEL = "-Onone";
				TARGETED_DEVICE_FAMILY = "1,2";
			};
			name = Debug;
		};
		97ACB1C11F47300B001943B1 /* Release */ = {
			isa = XCBuildConfiguration;
			buildSettings = {
				ALWAYS_SEARCH_USER_PATHS = NO;
				CLANG_ANALYZER_NONNULL = YES;
				CLANG_ANALYZER_NUMBER_OBJECT_CONVERSION = YES_AGGRESSIVE;
				CLANG_CXX_LANGUAGE_STANDARD = "gnu++0x";
				CLANG_CXX_LIBRARY = "libc++";
				CLANG_ENABLE_MODULES = YES;
				CLANG_ENABLE_OBJC_ARC = YES;
				CLANG_WARN_BOOL_CONVERSION = YES;
				CLANG_WARN_CONSTANT_CONVERSION = YES;
				CLANG_WARN_DIRECT_OBJC_ISA_USAGE = YES_ERROR;
				CLANG_WARN_DOCUMENTATION_COMMENTS = YES;
				CLANG_WARN_EMPTY_BODY = YES;
				CLANG_WARN_ENUM_CONVERSION = YES;
				CLANG_WARN_INFINITE_RECURSION = YES;
				CLANG_WARN_INT_CONVERSION = YES;
				CLANG_WARN_OBJC_ROOT_CLASS = YES_ERROR;
				CLANG_WARN_SUSPICIOUS_MOVE = YES;
				CLANG_WARN_UNREACHABLE_CODE = YES;
				CLANG_WARN__DUPLICATE_METHOD_MATCH = YES;
				"CODE_SIGN_IDENTITY[sdk=iphoneos*]" = "iPhone Developer";
				COPY_PHASE_STRIP = NO;
				DEBUG_INFORMATION_FORMAT = "dwarf-with-dsym";
				ENABLE_NS_ASSERTIONS = NO;
				ENABLE_STRICT_OBJC_MSGSEND = YES;
				GCC_C_LANGUAGE_STANDARD = gnu99;
				GCC_NO_COMMON_BLOCKS = YES;
				GCC_WARN_64_TO_32_BIT_CONVERSION = YES;
				GCC_WARN_ABOUT_RETURN_TYPE = YES_ERROR;
				GCC_WARN_UNDECLARED_SELECTOR = YES;
				GCC_WARN_UNINITIALIZED_AUTOS = YES_AGGRESSIVE;
				GCC_WARN_UNUSED_FUNCTION = YES;
				GCC_WARN_UNUSED_VARIABLE = YES;
				IPHONEOS_DEPLOYMENT_TARGET = 10.3;
				MTL_ENABLE_DEBUG_INFO = NO;
				SDKROOT = iphoneos;
				SWIFT_OPTIMIZATION_LEVEL = "-Owholemodule";
				TARGETED_DEVICE_FAMILY = "1,2";
				VALIDATE_PRODUCT = YES;
			};
			name = Release;
		};
		97ACB1C31F47300B001943B1 /* Debug */ = {
			isa = XCBuildConfiguration;
			buildSettings = {
				ASSETCATALOG_COMPILER_APPICON_NAME = AppIcon;
				DEVELOPMENT_TEAM = 5W59C9VU6S;
				INFOPLIST_FILE = ALRockPaperScissors/Info.plist;
				LD_RUNPATH_SEARCH_PATHS = "$(inherited) @executable_path/Frameworks";
				PRODUCT_BUNDLE_IDENTIFIER = allenlee.ALRockPaperScissors;
				PRODUCT_NAME = "$(TARGET_NAME)";
				SWIFT_VERSION = 3.0;
			};
			name = Debug;
		};
		97ACB1C41F47300B001943B1 /* Release */ = {
			isa = XCBuildConfiguration;
			buildSettings = {
				ASSETCATALOG_COMPILER_APPICON_NAME = AppIcon;
				DEVELOPMENT_TEAM = 5W59C9VU6S;
				INFOPLIST_FILE = ALRockPaperScissors/Info.plist;
				LD_RUNPATH_SEARCH_PATHS = "$(inherited) @executable_path/Frameworks";
				PRODUCT_BUNDLE_IDENTIFIER = allenlee.ALRockPaperScissors;
				PRODUCT_NAME = "$(TARGET_NAME)";
				SWIFT_VERSION = 3.0;
			};
			name = Release;
		};
/* End XCBuildConfiguration section */

/* Begin XCConfigurationList section */
		97ACB1AB1F47300A001943B1 /* Build configuration list for PBXProject "ALRockPaperScissors" */ = {
			isa = XCConfigurationList;
			buildConfigurations = (
				97ACB1C01F47300B001943B1 /* Debug */,
				97ACB1C11F47300B001943B1 /* Release */,
			);
			defaultConfigurationIsVisible = 0;
			defaultConfigurationName = Release;
		};
		97ACB1C21F47300B001943B1 /* Build configuration list for PBXNativeTarget "ALRockPaperScissors" */ = {
			isa = XCConfigurationList;
			buildConfigurations = (
				97ACB1C31F47300B001943B1 /* Debug */,
				97ACB1C41F47300B001943B1 /* Release */,
			);
			defaultConfigurationIsVisible = 0;
			defaultConfigurationName = Release;
		};
/* End XCConfigurationList section */
	};
	rootObject = 97ACB1A81F47300A001943B1 /* Project object */;
}
